
Microsoft Visual Studio Solution File, Format Version 12.00
# Visual Studio Version 16
VisualStudioVersion = 16.0.34601.136
MinimumVisualStudioVersion = 10.0.40219.1
Project("{9A19103F-16F7-4668-BE54-9A1E7A4F7556}") = "BitcoinPricePrediction", "BitcoinPricePrediction\BitcoinPricePrediction.csproj", "{87CE8BCF-FA8F-43B2-9569-2FD63B03719A}"
EndProject
Project("{9A19103F-16F7-4668-BE54-9A1E7A4F7556}") = "Data", "Data\Data.csproj", "{ED3885DD-6A79-4E69-97E9-E9E72587D147}"
EndProject
Project("{9A19103F-16F7-4668-BE54-9A1E7A4F7556}") = "Core", "Core\Core.csproj", "{32EF570D-068D-4370-936E-E4CFB2ADCD51}"
EndProject
Project("{FAE04EC0-301F-11D3-BF4B-00C04F79EFBC}") = "Business", "Business\Business.csproj", "{C2C28D6D-0091-4F30-8011-34765C0037BA}"
EndProject
Global
	GlobalSection(SolutionConfigurationPlatforms) = preSolution
		Debug|Any CPU = Debug|Any CPU
		Release|Any CPU = Release|Any CPU
	EndGlobalSection
	GlobalSection(ProjectConfigurationPlatforms) = postSolution
		{87CE8BCF-FA8F-43B2-9569-2FD63B03719A}.Debug|Any CPU.ActiveCfg = Debug|Any CPU
		{87CE8BCF-FA8F-43B2-9569-2FD63B03719A}.Debug|Any CPU.Build.0 = Debug|Any CPU
		{87CE8BCF-FA8F-43B2-9569-2FD63B03719A}.Release|Any CPU.ActiveCfg = Release|Any CPU
		{87CE8BCF-FA8F-43B2-9569-2FD63B03719A}.Release|Any CPU.Build.0 = Release|Any CPU
		{ED3885DD-6A79-4E69-97E9-E9E72587D147}.Debug|Any CPU.ActiveCfg = Debug|Any CPU
		{ED3885DD-6A79-4E69-97E9-E9E72587D147}.Debug|Any CPU.Build.0 = Debug|Any CPU
		{ED3885DD-6A79-4E69-97E9-E9E72587D147}.Release|Any CPU.ActiveCfg = Release|Any CPU
		{ED3885DD-6A79-4E69-97E9-E9E72587D147}.Release|Any CPU.Build.0 = Release|Any CPU
		{32EF570D-068D-4370-936E-E4CFB2ADCD51}.Debug|Any CPU.ActiveCfg = Debug|Any CPU
		{32EF570D-068D-4370-936E-E4CFB2ADCD51}.Debug|Any CPU.Build.0 = Debug|Any CPU
		{32EF570D-068D-4370-936E-E4CFB2ADCD51}.Release|Any CPU.ActiveCfg = Release|Any CPU
		{32EF570D-068D-4370-936E-E4CFB2ADCD51}.Release|Any CPU.Build.0 = Release|Any CPU
		{C2C28D6D-0091-4F30-8011-34765C0037BA}.Debug|Any CPU.ActiveCfg = Debug|Any CPU
		{C2C28D6D-0091-4F30-8011-34765C0037BA}.Debug|Any CPU.Build.0 = Debug|Any CPU
		{C2C28D6D-0091-4F30-8011-34765C0037BA}.Release|Any CPU.ActiveCfg = Release|Any CPU
		{C2C28D6D-0091-4F30-8011-34765C0037BA}.Release|Any CPU.Build.0 = Release|Any CPU
	EndGlobalSection
	GlobalSection(SolutionProperties) = preSolution
		HideSolutionNode = FALSE
	EndGlobalSection
	GlobalSection(ExtensibilityGlobals) = postSolution
		SolutionGuid = {DD558891-A05A-4E5A-913F-AA3F38F208F2}
	EndGlobalSection
EndGlobal
